{
  "name": "@siyadkc/jray",
  "version": "0.2.3",
  "lockfileVersion": 3,
  "requires": true,
  "packages": {
    "": {
      "name": "@siyadkc/jray",
      "version": "0.2.3",
      "license": "MIT",
      "dependencies": {
        "@siyadkc/jray": "^0.1.0"
      },
      "bin": {
        "jray": "dist/jray"
      },
      "devDependencies": {
        "@types/bun": "latest",
        "typescript": "^5.0.0"
      }
    },
    "node_modules/@siyadkc/jray": {
      "version": "0.1.0",
      "resolved": "https://registry.npmjs.org/@siyadkc/jray/-/jray-0.1.0.tgz",
      "integrity": "sha512-B7T8aI92Rz7u2bjq21vsiA+oqK+3WxFYqpY5Pdi3uBsJje8DDphkBYuXE3dXHvs1LiTwKpAPGyFkhgtv9IO/Cg==",
      "license": "MIT",
      "bin": {
        "jray": "dist/jray"
      }
    },
    "node_modules/@types/bun": {
      "version": "1.3.11",
      "resolved": "https://registry.npmjs.org/@types/bun/-/bun-1.3.11.tgz",
      "integrity": "sha512-5vPne5QvtpjGpsGYXiFyycfpDF2ECyPcTSsFBMa0fraoxiQyMJ3SmuQIGhzPg2WJuWxVBoxWJ2kClYTcw/4fAg==",
      "dev": true,
      "license": "MIT",
      "dependencies": {
        "bun-types": "1.3.11"
      }
    },
    "node_modules/@types/node": {
      "version": "25.5.2",
      "dev": true,
      "license": "MIT",
      "dependencies": {
        "undici-types": "~7.18.0"
      }
    },
    "node_modules/bun-types": {
      "version": "1.3.11",
      "dev": true,
      "license": "MIT",
      "dependencies": {
        "@types/node": "*"
      }
    },
    "node_modules/typescript": {
      "version": "5.9.3",
      "dev": true,
      "license": "Apache-2.0",
      "bin": {
        "tsc": "bin/tsc",
        "tsserver": "bin/tsserver"
      },
      "engines": {
        "node": ">=14.17"
      }
    },
    "node_modules/undici-types": {
      "version": "7.18.2",
      "dev": true,
      "license": "MIT"
    }
  }
}
